// !$*UTF8*$!
{
	archiveVersion = 1;
	classes = {
	};
	objectVersion = 56;
	objects = {

/* Begin PBXBuildFile section */
		E016099A2C53EA4B00B9F283 /* LiveBetterApp.swift in Sources */ = {isa = PBXBuildFile; fileRef = E01609992C53EA4B00B9F283 /* LiveBetterApp.swift */; };
		E016099C2C53EA4B00B9F283 /* ContentView.swift in Sources */ = {isa = PBXBuildFile; fileRef = E016099B2C53EA4B00B9F283 /* ContentView.swift */; };
		E016099E2C53EA4C00B9F283 /* Assets.xcassets in Resources */ = {isa = PBXBuildFile; fileRef = E016099D2C53EA4C00B9F283 /* Assets.xcassets */; };
		E01609A12C53EA4C00B9F283 /* Preview Assets.xcassets in Resources */ = {isa = PBXBuildFile; fileRef = E01609A02C53EA4C00B9F283 /* Preview Assets.xcassets */; };
		E01609A82C53EB1D00B9F283 /* Symptoms.swift in Sources */ = {isa = PBXBuildFile; fileRef = E01609A72C53EB1D00B9F283 /* Symptoms.swift */; };
		E01609AA2C53EB5A00B9F283 /* Measurements.swift in Sources */ = {isa = PBXBuildFile; fileRef = E01609A92C53EB5A00B9F283 /* Measurements.swift */; };
		E01609AC2C53EB8400B9F283 /* SymptomsView.swift in Sources */ = {isa = PBXBuildFile; fileRef = E01609AB2C53EB8400B9F283 /* SymptomsView.swift */; };
		E01609AE2C53EBBA00B9F283 /* HealthView.swift in Sources */ = {isa = PBXBuildFile; fileRef = E01609AD2C53EBBA00B9F283 /* HealthView.swift */; };
		E049DD342C5C092200F7D043 /* Medications.swift in Sources */ = {isa = PBXBuildFile; fileRef = E049DD332C5C092200F7D043 /* Medications.swift */; };
		E0D3693C2C57FF2D00D0C405 /* MedicationsView.swift in Sources */ = {isa = PBXBuildFile; fileRef = E0D3693B2C57FF2D00D0C405 /* MedicationsView.swift */; };
/* End PBXBuildFile section */

/* Begin PBXFileReference section */
		E01609962C53EA4B00B9F283 /* LiveBetter.app */ = {isa = PBXFileReference; explicitFileType = wrapper.application; includeInIndex = 0; path = LiveBetter.app; sourceTree = BUILT_PRODUCTS_DIR; };
		E01609992C53EA4B00B9F283 /* LiveBetterApp.swift */ = {isa = PBXFileReference; lastKnownFileType = sourcecode.swift; path = LiveBetterApp.swift; sourceTree = "<group>"; };
		E016099B2C53EA4B00B9F283 /* ContentView.swift */ = {isa = PBXFileReference; lastKnownFileType = sourcecode.swift; path = ContentView.swift; sourceTree = "<group>"; };
		E016099D2C53EA4C00B9F283 /* Assets.xcassets */ = {isa = PBXFileReference; lastKnownFileType = folder.assetcatalog; path = Assets.xcassets; sourceTree = "<group>"; };
		E01609A02C53EA4C00B9F283 /* Preview Assets.xcassets */ = {isa = PBXFileReference; lastKnownFileType = folder.assetcatalog; path = "Preview Assets.xcassets"; sourceTree = "<group>"; };
		E01609A72C53EB1D00B9F283 /* Symptoms.swift */ = {isa = PBXFileReference; lastKnownFileType = sourcecode.swift; path = Symptoms.swift; sourceTree = "<group>"; };
		E01609A92C53EB5A00B9F283 /* Measurements.swift */ = {isa = PBXFileReference; lastKnownFileType = sourcecode.swift; path = Measurements.swift; sourceTree = "<group>"; };
		E01609AB2C53EB8400B9F283 /* SymptomsView.swift */ = {isa = PBXFileReference; lastKnownFileType = sourcecode.swift; path = SymptomsView.swift; sourceTree = "<group>"; };
		E01609AD2C53EBBA00B9F283 /* HealthView.swift */ = {isa = PBXFileReference; lastKnownFileType = sourcecode.swift; path = HealthView.swift; sourceTree = "<group>"; };
		E049DD332C5C092200F7D043 /* Medications.swift */ = {isa = PBXFileReference; lastKnownFileType = sourcecode.swift; path = Medications.swift; sourceTree = "<group>"; };
		E0D3693B2C57FF2D00D0C405 /* MedicationsView.swift */ = {isa = PBXFileReference; lastKnownFileType = sourcecode.swift; path = MedicationsView.swift; sourceTree = "<group>"; };
/* End PBXFileReference section */

/* Begin PBXFrameworksBuildPhase section */
		E01609932C53EA4B00B9F283 /* Frameworks */ = {
			isa = PBXFrameworksBuildPhase;
			buildActionMask = 2147483647;
			files = (
			);
			runOnlyForDeploymentPostprocessing = 0;
		};
/* End PBXFrameworksBuildPhase section */

/* Begin PBXGroup section */
		E016098D2C53EA4B00B9F283 = {
			isa = PBXGroup;
			children = (
				E01609982C53EA4B00B9F283 /* LiveBetter */,
				E01609972C53EA4B00B9F283 /* Products */,
			);
			sourceTree = "<group>";
		};
		E01609972C53EA4B00B9F283 /* Products */ = {
			isa = PBXGroup;
			children = (
				E01609962C53EA4B00B9F283 /* LiveBetter.app */,
			);
			name = Products;
			sourceTree = "<group>";
		};
		E01609982C53EA4B00B9F283 /* LiveBetter */ = {
			isa = PBXGroup;
			children = (
				E01609992C53EA4B00B9F283 /* LiveBetterApp.swift */,
				E016099B2C53EA4B00B9F283 /* ContentView.swift */,
				E01609A72C53EB1D00B9F283 /* Symptoms.swift */,
				E01609A92C53EB5A00B9F283 /* Measurements.swift */,
				E049DD332C5C092200F7D043 /* Medications.swift */,
				E01609AB2C53EB8400B9F283 /* SymptomsView.swift */,
				E01609AD2C53EBBA00B9F283 /* HealthView.swift */,
				E0D3693B2C57FF2D00D0C405 /* MedicationsView.swift */,
				E016099D2C53EA4C00B9F283 /* Assets.xcassets */,
				E016099F2C53EA4C00B9F283 /* Preview Content */,
			);
			path = LiveBetter;
			sourceTree = "<group>";
		};
		E016099F2C53EA4C00B9F283 /* Preview Content */ = {
			isa = PBXGroup;
			children = (
				E01609A02C53EA4C00B9F283 /* Preview Assets.xcassets */,
			);
			path = "Preview Content";
			sourceTree = "<group>";
		};
/* End PBXGroup section */

/* Begin PBXNativeTarget section */
		E01609952C53EA4B00B9F283 /* LiveBetter */ = {
			isa = PBXNativeTarget;
			buildConfigurationList = E01609A42C53EA4C00B9F283 /* Build configuration list for PBXNativeTarget "LiveBetter" */;
			buildPhases = (
				E01609922C53EA4B00B9F283 /* Sources */,
				E01609932C53EA4B00B9F283 /* Frameworks */,
				E01609942C53EA4B00B9F283 /* Resources */,
			);
			buildRules = (
			);
			dependencies = (
			);
			name = LiveBetter;
			productName = LiveBetter;
			productReference = E01609962C53EA4B00B9F283 /* LiveBetter.app */;
			productType = "com.apple.product-type.application";
		};
/* End PBXNativeTarget section */

/* Begin PBXProject section */
		E016098E2C53EA4B00B9F283 /* Project object */ = {
			isa = PBXProject;
			attributes = {
				BuildIndependentTargetsInParallel = 1;
				LastSwiftUpdateCheck = 1540;
				LastUpgradeCheck = 1540;
				TargetAttributes = {
					E01609952C53EA4B00B9F283 = {
						CreatedOnToolsVersion = 15.4;
					};
				};
			};
			buildConfigurationList = E01609912C53EA4B00B9F283 /* Build configuration list for PBXProject "LiveBetter" */;
			compatibilityVersion = "Xcode 14.0";
			developmentRegion = en;
			hasScannedForEncodings = 0;
			knownRegions = (
				en,
				Base,
			);
			mainGroup = E016098D2C53EA4B00B9F283;
			productRefGroup = E01609972C53EA4B00B9F283 /* Products */;
			projectDirPath = "";
			projectRoot = "";
			targets = (
				E01609952C53EA4B00B9F283 /* LiveBetter */,
			);
		};
/* End PBXProject section */

/* Begin PBXResourcesBuildPhase section */
		E01609942C53EA4B00B9F283 /* Resources */ = {
			isa = PBXResourcesBuildPhase;
			buildActionMask = 2147483647;
			files = (
				E01609A12C53EA4C00B9F283 /* Preview Assets.xcassets in Resources */,
				E016099E2C53EA4C00B9F283 /* Assets.xcassets in Resources */,
			);
			runOnlyForDeploymentPostprocessing = 0;
		};
/* End PBXResourcesBuildPhase section */

/* Begin PBXSourcesBuildPhase section */
		E01609922C53EA4B00B9F283 /* Sources */ = {
			isa = PBXSourcesBuildPhase;
			buildActionMask = 2147483647;
			files = (
				E049DD342C5C092200F7D043 /* Medications.swift in Sources */,
				E01609AE2C53EBBA00B9F283 /* HealthView.swift in Sources */,
				E01609A82C53EB1D00B9F283 /* Symptoms.swift in Sources */,
				E01609AC2C53EB8400B9F283 /* SymptomsView.swift in Sources */,
				E016099C2C53EA4B00B9F283 /* ContentView.swift in Sources */,
				E01609AA2C53EB5A00B9F283 /* Measurements.swift in Sources */,
				E016099A2C53EA4B00B9F283 /* LiveBetterApp.swift in Sources */,
				E0D3693C2C57FF2D00D0C405 /* MedicationsView.swift in Sources */,
			);
			runOnlyForDeploymentPostprocessing = 0;
		};
/* End PBXSourcesBuildPhase section */

/* Begin XCBuildConfiguration section */
		E01609A22C53EA4C00B9F283 /* Debug */ = {
			isa = XCBuildConfiguration;
			buildSettings = {
				ALWAYS_SEARCH_USER_PATHS = NO;
				ASSETCATALOG_COMPILER_GENERATE_SWIFT_ASSET_SYMBOL_EXTENSIONS = YES;
				CLANG_ANALYZER_NONNULL = YES;
				CLANG_ANALYZER_NUMBER_OBJECT_CONVERSION = YES_AGGRESSIVE;
				CLANG_CXX_LANGUAGE_STANDARD = "gnu++20";
				CLANG_ENABLE_MODULES = YES;
				CLANG_ENABLE_OBJC_ARC = YES;
				CLANG_ENABLE_OBJC_WEAK = YES;
				CLANG_WARN_BLOCK_CAPTURE_AUTORELEASING = YES;
				CLANG_WARN_BOOL_CONVERSION = YES;
				CLANG_WARN_COMMA = YES;
				CLANG_WARN_CONSTANT_CONVERSION = YES;
				CLANG_WARN_DEPRECATED_OBJC_IMPLEMENTATIONS = YES;
				CLANG_WARN_DIRECT_OBJC_ISA_USAGE = YES_ERROR;
				CLANG_WARN_DOCUMENTATION_COMMENTS = YES;
				CLANG_WARN_EMPTY_BODY = YES;
				CLANG_WARN_ENUM_CONVERSION = YES;
				CLANG_WARN_INFINITE_RECURSION = YES;
				CLANG_WARN_INT_CONVERSION = YES;
				CLANG_WARN_NON_LITERAL_NULL_CONVERSION = YES;
				CLANG_WARN_OBJC_IMPLICIT_RETAIN_SELF = YES;
				CLANG_WARN_OBJC_LITERAL_CONVERSION = YES;
				CLANG_WARN_OBJC_ROOT_CLASS = YES_ERROR;
				CLANG_WARN_QUOTED_INCLUDE_IN_FRAMEWORK_HEADER = YES;
				CLANG_WARN_RANGE_LOOP_ANALYSIS = YES;
				CLANG_WARN_STRICT_PROTOTYPES = YES;
				CLANG_WARN_SUSPICIOUS_MOVE = YES;
				CLANG_WARN_UNGUARDED_AVAILABILITY = YES_AGGRESSIVE;
				CLANG_WARN_UNREACHABLE_CODE = YES;
				CLANG_WARN__DUPLICATE_METHOD_MATCH = YES;
				COPY_PHASE_STRIP = NO;
				DEBUG_INFORMATION_FORMAT = dwarf;
				ENABLE_STRICT_OBJC_MSGSEND = YES;
				ENABLE_TESTABILITY = YES;
				ENABLE_USER_SCRIPT_SANDBOXING = YES;
				GCC_C_LANGUAGE_STANDARD = gnu17;
				GCC_DYNAMIC_NO_PIC = NO;
				GCC_NO_COMMON_BLOCKS = YES;
				GCC_OPTIMIZATION_LEVEL = 0;
				GCC_PREPROCESSOR_DEFINITIONS = (
					"DEBUG=1",
					"$(inherited)",
				);
				GCC_WARN_64_TO_32_BIT_CONVERSION = YES;
				GCC_WARN_ABOUT_RETURN_TYPE = YES_ERROR;
				GCC_WARN_UNDECLARED_SELECTOR = YES;
				GCC_WARN_UNINITIALIZED_AUTOS = YES_AGGRESSIVE;
				GCC_WARN_UNUSED_FUNCTION = YES;
				GCC_WARN_UNUSED_VARIABLE = YES;
				IPHONEOS_DEPLOYMENT_TARGET = 17.5;
				LOCALIZATION_PREFERS_STRING_CATALOGS = YES;
				MTL_ENABLE_DEBUG_INFO = INCLUDE_SOURCE;
				MTL_FAST_MATH = YES;
				ONLY_ACTIVE_ARCH = YES;
				SDKROOT = iphoneos;
				SWIFT_ACTIVE_COMPILATION_CONDITIONS = "DEBUG $(inherited)";
				SWIFT_OPTIMIZATION_LEVEL = "-Onone";
			};
			name = Debug;
		};
		E01609A32C53EA4C00B9F283 /* Release */ = {
			isa = XCBuildConfiguration;
			buildSettings = {
				ALWAYS_SEARCH_USER_PATHS = NO;
				ASSETCATALOG_COMPILER_GENERATE_SWIFT_ASSET_SYMBOL_EXTENSIONS = YES;
				CLANG_ANALYZER_NONNULL = YES;
				CLANG_ANALYZER_NUMBER_OBJECT_CONVERSION = YES_AGGRESSIVE;
				CLANG_CXX_LANGUAGE_STANDARD = "gnu++20";
				CLANG_ENABLE_MODULES = YES;
				CLANG_ENABLE_OBJC_ARC = YES;
				CLANG_ENABLE_OBJC_WEAK = YES;
				CLANG_WARN_BLOCK_CAPTURE_AUTORELEASING = YES;
				CLANG_WARN_BOOL_CONVERSION = YES;
				CLANG_WARN_COMMA = YES;
				CLANG_WARN_CONSTANT_CONVERSION = YES;
				CLANG_WARN_DEPRECATED_OBJC_IMPLEMENTATIONS = YES;
				CLANG_WARN_DIRECT_OBJC_ISA_USAGE = YES_ERROR;
				CLANG_WARN_DOCUMENTATION_COMMENTS = YES;
				CLANG_WARN_EMPTY_BODY = YES;
				CLANG_WARN_ENUM_CONVERSION = YES;
				CLANG_WARN_INFINITE_RECURSION = YES;
				CLANG_WARN_INT_CONVERSION = YES;
				CLANG_WARN_NON_LITERAL_NULL_CONVERSION = YES;
				CLANG_WARN_OBJC_IMPLICIT_RETAIN_SELF = YES;
				CLANG_WARN_OBJC_LITERAL_CONVERSION = YES;
				CLANG_WARN_OBJC_ROOT_CLASS = YES_ERROR;
				CLANG_WARN_QUOTED_INCLUDE_IN_FRAMEWORK_HEADER = YES;
				CLANG_WARN_RANGE_LOOP_ANALYSIS = YES;
				CLANG_WARN_STRICT_PROTOTYPES = YES;
				CLANG_WARN_SUSPICIOUS_MOVE = YES;
				CLANG_WARN_UNGUARDED_AVAILABILITY = YES_AGGRESSIVE;
				CLANG_WARN_UNREACHABLE_CODE = YES;
				CLANG_WARN__DUPLICATE_METHOD_MATCH = YES;
				COPY_PHASE_STRIP = NO;
				DEBUG_INFORMATION_FORMAT = "dwarf-with-dsym";
				ENABLE_NS_ASSERTIONS = NO;
				ENABLE_STRICT_OBJC_MSGSEND = YES;
				ENABLE_USER_SCRIPT_SANDBOXING = YES;
				GCC_C_LANGUAGE_STANDARD = gnu17;
				GCC_NO_COMMON_BLOCKS = YES;
				GCC_WARN_64_TO_32_BIT_CONVERSION = YES;
				GCC_WARN_ABOUT_RETURN_TYPE = YES_ERROR;
				GCC_WARN_UNDECLARED_SELECTOR = YES;
				GCC_WARN_UNINITIALIZED_AUTOS = YES_AGGRESSIVE;
				GCC_WARN_UNUSED_FUNCTION = YES;
				GCC_WARN_UNUSED_VARIABLE = YES;
				IPHONEOS_DEPLOYMENT_TARGET = 17.5;
				LOCALIZATION_PREFERS_STRING_CATALOGS = YES;
				MTL_ENABLE_DEBUG_INFO = NO;
				MTL_FAST_MATH = YES;
				SDKROOT = iphoneos;
				SWIFT_COMPILATION_MODE = wholemodule;
				VALIDATE_PRODUCT = YES;
			};
			name = Release;
		};
		E01609A52C53EA4C00B9F283 /* Debug */ = {
			isa = XCBuildConfiguration;
			buildSettings = {
				ASSETCATALOG_COMPILER_APPICON_NAME = AppIcon;
				ASSETCATALOG_COMPILER_GLOBAL_ACCENT_COLOR_NAME = AccentColor;
				CODE_SIGN_STYLE = Automatic;
				CURRENT_PROJECT_VERSION = 1;
				DEVELOPMENT_ASSET_PATHS = "\"LiveBetter/Preview Content\"";
				DEVELOPMENT_TEAM = VKU8G6N6MH;
				ENABLE_PREVIEWS = YES;
				GENERATE_INFOPLIST_FILE = YES;
				INFOPLIST_KEY_UIApplicationSceneManifest_Generation = YES;
				INFOPLIST_KEY_UIApplicationSupportsIndirectInputEvents = YES;
				INFOPLIST_KEY_UILaunchScreen_Generation = YES;
				INFOPLIST_KEY_UISupportedInterfaceOrientations_iPad = "UIInterfaceOrientationPortrait UIInterfaceOrientationPortraitUpsideDown UIInterfaceOrientationLandscapeLeft UIInterfaceOrientationLandscapeRight";
				INFOPLIST_KEY_UISupportedInterfaceOrientations_iPhone = "UIInterfaceOrientationPortrait UIInterfaceOrientationLandscapeLeft UIInterfaceOrientationLandscapeRight";
				LD_RUNPATH_SEARCH_PATHS = (
					"$(inherited)",
					"@executable_path/Frameworks",
				);
				MARKETING_VERSION = 1.0;
				PRODUCT_BUNDLE_IDENTIFIER = "Jessica-Taylor.LiveBetter";
				PRODUCT_NAME = "$(TARGET_NAME)";
				SWIFT_EMIT_LOC_STRINGS = YES;
				SWIFT_VERSION = 5.0;
				TARGETED_DEVICE_FAMILY = "1,2";
			};
			name = Debug;
		};
		E01609A62C53EA4C00B9F283 /* Release */ = {
			isa = XCBuildConfiguration;
			buildSettings = {
				ASSETCATALOG_COMPILER_APPICON_NAME = AppIcon;
				ASSETCATALOG_COMPILER_GLOBAL_ACCENT_COLOR_NAME = AccentColor;
				CODE_SIGN_STYLE = Automatic;
				CURRENT_PROJECT_VERSION = 1;
				DEVELOPMENT_ASSET_PATHS = "\"LiveBetter/Preview Content\"";
				DEVELOPMENT_TEAM = VKU8G6N6MH;
				ENABLE_PREVIEWS = YES;
				GENERATE_INFOPLIST_FILE = YES;
				INFOPLIST_KEY_UIApplicationSceneManifest_Generation = YES;
				INFOPLIST_KEY_UIApplicationSupportsIndirectInputEvents = YES;
				INFOPLIST_KEY_UILaunchScreen_Generation = YES;
				INFOPLIST_KEY_UISupportedInterfaceOrientations_iPad = "UIInterfaceOrientationPortrait UIInterfaceOrientationPortraitUpsideDown UIInterfaceOrientationLandscapeLeft UIInterfaceOrientationLandscapeRight";
				INFOPLIST_KEY_UISupportedInterfaceOrientations_iPhone = "UIInterfaceOrientationPortrait UIInterfaceOrientationLandscapeLeft UIInterfaceOrientationLandscapeRight";
				LD_RUNPATH_SEARCH_PATHS = (
					"$(inherited)",
					"@executable_path/Frameworks",
				);
				MARKETING_VERSION = 1.0;
				PRODUCT_BUNDLE_IDENTIFIER = "Jessica-Taylor.LiveBetter";
				PRODUCT_NAME = "$(TARGET_NAME)";
				SWIFT_EMIT_LOC_STRINGS = YES;
				SWIFT_VERSION = 5.0;
				TARGETED_DEVICE_FAMILY = "1,2";
			};
			name = Release;
		};
/* End XCBuildConfiguration section */

/* Begin XCConfigurationList section */
		E01609912C53EA4B00B9F283 /* Build configuration list for PBXProject "LiveBetter" */ = {
			isa = XCConfigurationList;
			buildConfigurations = (
				E01609A22C53EA4C00B9F283 /* Debug */,
				E01609A32C53EA4C00B9F283 /* Release */,
			);
			defaultConfigurationIsVisible = 0;
			defaultConfigurationName = Release;
		};
		E01609A42C53EA4C00B9F283 /* Build configuration list for PBXNativeTarget "LiveBetter" */ = {
			isa = XCConfigurationList;
			buildConfigurations = (
				E01609A52C53EA4C00B9F283 /* Debug */,
				E01609A62C53EA4C00B9F283 /* Release */,
			);
			defaultConfigurationIsVisible = 0;
			defaultConfigurationName = Release;
		};
/* End XCConfigurationList section */
	};
	rootObject = E016098E2C53EA4B00B9F283 /* Project object */;
}
